
Microsoft Visual Studio Solution File, Format Version 12.00
# Visual Studio Version 17
VisualStudioVersion = 17.5.002.0
MinimumVisualStudioVersion = 10.0.40219.1
Project("{9A19103F-16F7-4668-BE54-9A1E7A4F7556}") = "ProyectoFinal", "ProyectoFinal.csproj", "{B053C4C9-113F-40DA-B6E0-2C6D8EB767E2}"
EndProject
Global
	GlobalSection(SolutionConfigurationPlatforms) = preSolution
		Debug|Any CPU = Debug|Any CPU
		Release|Any CPU = Release|Any CPU
	EndGlobalSection
	GlobalSection(ProjectConfigurationPlatforms) = postSolution
		{B053C4C9-113F-40DA-B6E0-2C6D8EB767E2}.Debug|Any CPU.ActiveCfg = Debug|Any CPU
		{B053C4C9-113F-40DA-B6E0-2C6D8EB767E2}.Debug|Any CPU.Build.0 = Debug|Any CPU
		{B053C4C9-113F-40DA-B6E0-2C6D8EB767E2}.Release|Any CPU.ActiveCfg = Release|Any CPU
		{B053C4C9-113F-40DA-B6E0-2C6D8EB767E2}.Release|Any CPU.Build.0 = Release|Any CPU
	EndGlobalSection
	GlobalSection(SolutionProperties) = preSolution
		HideSolutionNode = FALSE
	EndGlobalSection
	GlobalSection(ExtensibilityGlobals) = postSolution
		SolutionGuid = {648E6154-1BDB-48AA-ABF7-1A4E6553D037}
	EndGlobalSection
EndGlobal
